
Microsoft Visual Studio Solution File, Format Version 12.00
# Visual Studio Version 17
VisualStudioVersion = 17.9.34714.143
MinimumVisualStudioVersion = 10.0.40219.1
Project("{FAE04EC0-301F-11D3-BF4B-00C04F79EFBC}") = "WindowsFormProbando", "WindowsFormProbando\WindowsFormProbando.csproj", "{09DD8039-2A1A-4081-A53F-16BB93867EFF}"
EndProject
Global
	GlobalSection(SolutionConfigurationPlatforms) = preSolution
		Debug|Any CPU = Debug|Any CPU
		Release|Any CPU = Release|Any CPU
	EndGlobalSection
	GlobalSection(ProjectConfigurationPlatforms) = postSolution
		{09DD8039-2A1A-4081-A53F-16BB93867EFF}.Debug|Any CPU.ActiveCfg = Debug|Any CPU
		{09DD8039-2A1A-4081-A53F-16BB93867EFF}.Debug|Any CPU.Build.0 = Debug|Any CPU
		{09DD8039-2A1A-4081-A53F-16BB93867EFF}.Release|Any CPU.ActiveCfg = Release|Any CPU
		{09DD8039-2A1A-4081-A53F-16BB93867EFF}.Release|Any CPU.Build.0 = Release|Any CPU
	EndGlobalSection
	GlobalSection(SolutionProperties) = preSolution
		HideSolutionNode = FALSE
	EndGlobalSection
	GlobalSection(ExtensibilityGlobals) = postSolution
		SolutionGuid = {3AFB07C7-8E22-4C33-A3A8-6AB2112FA5F6}
	EndGlobalSection
EndGlobal
